
Microsoft Visual Studio Solution File, Format Version 12.00
# Visual Studio 15
Project("{FAE04EC0-301F-11D3-BF4B-00C04F79EFBC}") = "BronsonHolland_CE06", "BronsonHolland_CE06\BronsonHolland_CE06.csproj", "{5CE60E01-398B-49B0-88FB-2B2592A291F9}"
EndProject
Global
	GlobalSection(SolutionConfigurationPlatforms) = preSolution
		Debug|anycpu = Debug|anycpu
		Release|anycpu = Release|anycpu
	EndGlobalSection
	GlobalSection(ProjectConfigurationPlatforms) = postSolution
		{5CE60E01-398B-49B0-88FB-2B2592A291F9}.Debug|anycpu.ActiveCfg = Debug|anycpu
		{5CE60E01-398B-49B0-88FB-2B2592A291F9}.Debug|anycpu.Build.0 = Debug|anycpu
		{5CE60E01-398B-49B0-88FB-2B2592A291F9}.Release|anycpu.ActiveCfg = Release|anycpu
		{5CE60E01-398B-49B0-88FB-2B2592A291F9}.Release|anycpu.Build.0 = Release|anycpu
	EndGlobalSection
EndGlobal
